
Microsoft Visual Studio Solution File, Format Version 12.00
# Visual Studio Version 17
VisualStudioVersion = 17.1.32319.34
MinimumVisualStudioVersion = 10.0.40219.1
Project("{FAE04EC0-301F-11D3-BF4B-00C04F79EFBC}") = "WebApplication1", "WebApplication1\WebApplication1.csproj", "{D8068396-CC02-4171-A741-9A3D80DC686E}"
EndProject
Global
	GlobalSection(SolutionConfigurationPlatforms) = preSolution
		Debug|Any CPU = Debug|Any CPU
		Release|Any CPU = Release|Any CPU
	EndGlobalSection
	GlobalSection(ProjectConfigurationPlatforms) = postSolution
		{D8068396-CC02-4171-A741-9A3D80DC686E}.Debug|Any CPU.ActiveCfg = Debug|Any CPU
		{D8068396-CC02-4171-A741-9A3D80DC686E}.Debug|Any CPU.Build.0 = Debug|Any CPU
		{D8068396-CC02-4171-A741-9A3D80DC686E}.Release|Any CPU.ActiveCfg = Release|Any CPU
		{D8068396-CC02-4171-A741-9A3D80DC686E}.Release|Any CPU.Build.0 = Release|Any CPU
	EndGlobalSection
	GlobalSection(SolutionProperties) = preSolution
		HideSolutionNode = FALSE
	EndGlobalSection
	GlobalSection(ExtensibilityGlobals) = postSolution
		SolutionGuid = {C7B9A5A5-5090-4020-9F35-3403AE124F5E}
	EndGlobalSection
EndGlobal
