
Microsoft Visual Studio Solution File, Format Version 12.00
# Visual Studio Version 17
VisualStudioVersion = 17.3.32825.248
MinimumVisualStudioVersion = 10.0.40219.1
Project("{FAE04EC0-301F-11D3-BF4B-00C04F79EFBC}") = "App1.Android", "App1\App1.Android\App1.Android.csproj", "{F9948E40-17E3-4564-BBA1-CF98205642D0}"
EndProject
Project("{FAE04EC0-301F-11D3-BF4B-00C04F79EFBC}") = "App1", "App1\App1\App1.csproj", "{5F9136BA-F551-4952-A965-DA6C33F3DD8E}"
EndProject
Global
	GlobalSection(SolutionConfigurationPlatforms) = preSolution
		Debug|Any CPU = Debug|Any CPU
		Release|Any CPU = Release|Any CPU
	EndGlobalSection
	GlobalSection(ProjectConfigurationPlatforms) = postSolution
		{F9948E40-17E3-4564-BBA1-CF98205642D0}.Debug|Any CPU.ActiveCfg = Debug|Any CPU
		{F9948E40-17E3-4564-BBA1-CF98205642D0}.Debug|Any CPU.Build.0 = Debug|Any CPU
		{F9948E40-17E3-4564-BBA1-CF98205642D0}.Debug|Any CPU.Deploy.0 = Debug|Any CPU
		{F9948E40-17E3-4564-BBA1-CF98205642D0}.Release|Any CPU.ActiveCfg = Release|Any CPU
		{F9948E40-17E3-4564-BBA1-CF98205642D0}.Release|Any CPU.Build.0 = Release|Any CPU
		{F9948E40-17E3-4564-BBA1-CF98205642D0}.Release|Any CPU.Deploy.0 = Release|Any CPU
		{5F9136BA-F551-4952-A965-DA6C33F3DD8E}.Debug|Any CPU.ActiveCfg = Debug|Any CPU
		{5F9136BA-F551-4952-A965-DA6C33F3DD8E}.Debug|Any CPU.Build.0 = Debug|Any CPU
		{5F9136BA-F551-4952-A965-DA6C33F3DD8E}.Debug|Any CPU.Deploy.0 = Debug|Any CPU
		{5F9136BA-F551-4952-A965-DA6C33F3DD8E}.Release|Any CPU.ActiveCfg = Release|Any CPU
		{5F9136BA-F551-4952-A965-DA6C33F3DD8E}.Release|Any CPU.Build.0 = Release|Any CPU
		{5F9136BA-F551-4952-A965-DA6C33F3DD8E}.Release|Any CPU.Deploy.0 = Release|Any CPU
	EndGlobalSection
	GlobalSection(SolutionProperties) = preSolution
		HideSolutionNode = FALSE
	EndGlobalSection
	GlobalSection(ExtensibilityGlobals) = postSolution
		SolutionGuid = {A460387D-AF58-439C-8374-F65D65F6FA7A}
	EndGlobalSection
EndGlobal
